
Microsoft Visual Studio Solution File, Format Version 12.00
# Visual Studio Version 17
VisualStudioVersion = 17.8.34330.188
MinimumVisualStudioVersion = 10.0.40219.1
Project("{FAE04EC0-301F-11D3-BF4B-00C04F79EFBC}") = "rmpAuthorization", "rmpAuthorization.csproj", "{2C1E963A-F90D-4102-B1D1-53C05BD8E483}"
EndProject
Project("{FAE04EC0-301F-11D3-BF4B-00C04F79EFBC}") = "WebApplicationAuthorization", "..\WebApplicationAuthorization\WebApplicationAuthorization.csproj", "{EC4C9F6F-A95D-4967-883D-F31414B9DCAD}"
EndProject
Global
	GlobalSection(SolutionConfigurationPlatforms) = preSolution
		Debug|Any CPU = Debug|Any CPU
		Release|Any CPU = Release|Any CPU
	EndGlobalSection
	GlobalSection(ProjectConfigurationPlatforms) = postSolution
		{2C1E963A-F90D-4102-B1D1-53C05BD8E483}.Debug|Any CPU.ActiveCfg = Debug|Any CPU
		{2C1E963A-F90D-4102-B1D1-53C05BD8E483}.Debug|Any CPU.Build.0 = Debug|Any CPU
		{2C1E963A-F90D-4102-B1D1-53C05BD8E483}.Release|Any CPU.ActiveCfg = Release|Any CPU
		{2C1E963A-F90D-4102-B1D1-53C05BD8E483}.Release|Any CPU.Build.0 = Release|Any CPU
		{EC4C9F6F-A95D-4967-883D-F31414B9DCAD}.Debug|Any CPU.ActiveCfg = Debug|Any CPU
		{EC4C9F6F-A95D-4967-883D-F31414B9DCAD}.Debug|Any CPU.Build.0 = Debug|Any CPU
		{EC4C9F6F-A95D-4967-883D-F31414B9DCAD}.Release|Any CPU.ActiveCfg = Release|Any CPU
		{EC4C9F6F-A95D-4967-883D-F31414B9DCAD}.Release|Any CPU.Build.0 = Release|Any CPU
	EndGlobalSection
	GlobalSection(SolutionProperties) = preSolution
		HideSolutionNode = FALSE
	EndGlobalSection
	GlobalSection(ExtensibilityGlobals) = postSolution
		SolutionGuid = {D9465B3D-5154-4486-A7D4-EC5724225E32}
	EndGlobalSection
EndGlobal
